
Microsoft Visual Studio Solution File, Format Version 12.00
# Visual Studio Version 17
VisualStudioVersion = 17.5.33516.290
MinimumVisualStudioVersion = 10.0.40219.1
Project("{FAE04EC0-301F-11D3-BF4B-00C04F79EFBC}") = "WebApplication14", "WebApplication14\WebApplication14.csproj", "{3148BCDD-DC8B-4ECD-BEF8-65CFB5FF8178}"
EndProject
Global
	GlobalSection(SolutionConfigurationPlatforms) = preSolution
		Debug|Any CPU = Debug|Any CPU
		Release|Any CPU = Release|Any CPU
	EndGlobalSection
	GlobalSection(ProjectConfigurationPlatforms) = postSolution
		{3148BCDD-DC8B-4ECD-BEF8-65CFB5FF8178}.Debug|Any CPU.ActiveCfg = Debug|Any CPU
		{3148BCDD-DC8B-4ECD-BEF8-65CFB5FF8178}.Debug|Any CPU.Build.0 = Debug|Any CPU
		{3148BCDD-DC8B-4ECD-BEF8-65CFB5FF8178}.Release|Any CPU.ActiveCfg = Release|Any CPU
		{3148BCDD-DC8B-4ECD-BEF8-65CFB5FF8178}.Release|Any CPU.Build.0 = Release|Any CPU
	EndGlobalSection
	GlobalSection(SolutionProperties) = preSolution
		HideSolutionNode = FALSE
	EndGlobalSection
	GlobalSection(ExtensibilityGlobals) = postSolution
		SolutionGuid = {EE39FADE-F1A2-405A-9570-86633628B572}
	EndGlobalSection
EndGlobal
